
Microsoft Visual Studio Solution File, Format Version 12.00
# Visual Studio 15
VisualStudioVersion = 15.0.28307.329
MinimumVisualStudioVersion = 10.0.40219.1
Project("{FAE04EC0-301F-11D3-BF4B-00C04F79EFBC}") = "test", "test\test.csproj", "{F65E2424-6251-4DDC-9C35-9CE2FA2514AD}"
EndProject
Global
	GlobalSection(SolutionConfigurationPlatforms) = preSolution
		Debug|Any CPU = Debug|Any CPU
		Release|Any CPU = Release|Any CPU
	EndGlobalSection
	GlobalSection(ProjectConfigurationPlatforms) = postSolution
		{F65E2424-6251-4DDC-9C35-9CE2FA2514AD}.Debug|Any CPU.ActiveCfg = Debug|Any CPU
		{F65E2424-6251-4DDC-9C35-9CE2FA2514AD}.Debug|Any CPU.Build.0 = Debug|Any CPU
		{F65E2424-6251-4DDC-9C35-9CE2FA2514AD}.Release|Any CPU.ActiveCfg = Release|Any CPU
		{F65E2424-6251-4DDC-9C35-9CE2FA2514AD}.Release|Any CPU.Build.0 = Release|Any CPU
	EndGlobalSection
	GlobalSection(SolutionProperties) = preSolution
		HideSolutionNode = FALSE
	EndGlobalSection
	GlobalSection(ExtensibilityGlobals) = postSolution
		SolutionGuid = {5065B99F-F9D2-4B22-9065-1C713F8C1540}
	EndGlobalSection
EndGlobal
